
Microsoft Visual Studio Solution File, Format Version 12.00
# Visual Studio Version 16
VisualStudioVersion = 16.0.31911.196
MinimumVisualStudioVersion = 10.0.40219.1
Project("{00D1A9C2-B5F0-4AF3-8072-F6C62B433612}") = "InventarioBancoDeDados", "InventarioBancoDeDados.sqlproj", "{B4266899-21EE-4607-8830-2D4DB3C1A3C9}"
EndProject
Global
	GlobalSection(SolutionConfigurationPlatforms) = preSolution
		Debug|Any CPU = Debug|Any CPU
		Release|Any CPU = Release|Any CPU
	EndGlobalSection
	GlobalSection(ProjectConfigurationPlatforms) = postSolution
		{B4266899-21EE-4607-8830-2D4DB3C1A3C9}.Debug|Any CPU.ActiveCfg = Debug|Any CPU
		{B4266899-21EE-4607-8830-2D4DB3C1A3C9}.Debug|Any CPU.Build.0 = Debug|Any CPU
		{B4266899-21EE-4607-8830-2D4DB3C1A3C9}.Debug|Any CPU.Deploy.0 = Debug|Any CPU
		{B4266899-21EE-4607-8830-2D4DB3C1A3C9}.Release|Any CPU.ActiveCfg = Release|Any CPU
		{B4266899-21EE-4607-8830-2D4DB3C1A3C9}.Release|Any CPU.Build.0 = Release|Any CPU
		{B4266899-21EE-4607-8830-2D4DB3C1A3C9}.Release|Any CPU.Deploy.0 = Release|Any CPU
	EndGlobalSection
	GlobalSection(SolutionProperties) = preSolution
		HideSolutionNode = FALSE
	EndGlobalSection
	GlobalSection(ExtensibilityGlobals) = postSolution
		SolutionGuid = {47922EFA-0C96-4461-B3E9-0E1E77BE0363}
	EndGlobalSection
EndGlobal
